// !$*UTF8*$!
{
	archiveVersion = 1;
	classes = {
	};
	objectVersion = 51;
	objects = {

/* Begin PBXBuildFile section */
		60C90A2ADEB35F8BF78EF21F /* Pods_network_iOS_prac.framework in Frameworks */ = {isa = PBXBuildFile; fileRef = 26C05D80D9E8403E037E7A28 /* Pods_network_iOS_prac.framework */; };
		AB290117256F7F8600C8F285 /* AppDelegate.swift in Sources */ = {isa = PBXBuildFile; fileRef = AB290116256F7F8600C8F285 /* AppDelegate.swift */; };
		AB290119256F7F8600C8F285 /* SceneDelegate.swift in Sources */ = {isa = PBXBuildFile; fileRef = AB290118256F7F8600C8F285 /* SceneDelegate.swift */; };
		AB290120256F7F8700C8F285 /* Assets.xcassets in Resources */ = {isa = PBXBuildFile; fileRef = AB29011F256F7F8700C8F285 /* Assets.xcassets */; };
		AB290123256F7F8700C8F285 /* LaunchScreen.storyboard in Resources */ = {isa = PBXBuildFile; fileRef = AB290121256F7F8700C8F285 /* LaunchScreen.storyboard */; };
		AB290132256F7FCB00C8F285 /* Main.storyboard in Resources */ = {isa = PBXBuildFile; fileRef = AB290131256F7FCB00C8F285 /* Main.storyboard */; };
		AB290139256F800C00C8F285 /* ViewController.swift in Sources */ = {isa = PBXBuildFile; fileRef = AB290138256F800C00C8F285 /* ViewController.swift */; };
		AB29013C256F819000C8F285 /* TableViewCell.swift in Sources */ = {isa = PBXBuildFile; fileRef = AB29013B256F819000C8F285 /* TableViewCell.swift */; };
		AB290140256F863D00C8F285 /* APIConstants.swift in Sources */ = {isa = PBXBuildFile; fileRef = AB29013F256F863D00C8F285 /* APIConstants.swift */; };
		AB290148256F886700C8F285 /* NetworkResult.swift in Sources */ = {isa = PBXBuildFile; fileRef = AB290147256F886700C8F285 /* NetworkResult.swift */; };
		AB29014B256F89D400C8F285 /* APIResponse.swift in Sources */ = {isa = PBXBuildFile; fileRef = AB29014A256F89D400C8F285 /* APIResponse.swift */; };
		AB29014E256F8A5F00C8F285 /* ImageService.swift in Sources */ = {isa = PBXBuildFile; fileRef = AB29014D256F8A5F00C8F285 /* ImageService.swift */; };
/* End PBXBuildFile section */

/* Begin PBXFileReference section */
		269D88645C306D88D550E39E /* Pods-network-iOS-prac.debug.xcconfig */ = {isa = PBXFileReference; includeInIndex = 1; lastKnownFileType = text.xcconfig; name = "Pods-network-iOS-prac.debug.xcconfig"; path = "Target Support Files/Pods-network-iOS-prac/Pods-network-iOS-prac.debug.xcconfig"; sourceTree = "<group>"; };
		26C05D80D9E8403E037E7A28 /* Pods_network_iOS_prac.framework */ = {isa = PBXFileReference; explicitFileType = wrapper.framework; includeInIndex = 0; path = Pods_network_iOS_prac.framework; sourceTree = BUILT_PRODUCTS_DIR; };
		65301A8B27BDE254492766D8 /* Pods-network-iOS-prac.release.xcconfig */ = {isa = PBXFileReference; includeInIndex = 1; lastKnownFileType = text.xcconfig; name = "Pods-network-iOS-prac.release.xcconfig"; path = "Target Support Files/Pods-network-iOS-prac/Pods-network-iOS-prac.release.xcconfig"; sourceTree = "<group>"; };
		AB290113256F7F8600C8F285 /* network-iOS-prac.app */ = {isa = PBXFileReference; explicitFileType = wrapper.application; includeInIndex = 0; path = "network-iOS-prac.app"; sourceTree = BUILT_PRODUCTS_DIR; };
		AB290116256F7F8600C8F285 /* AppDelegate.swift */ = {isa = PBXFileReference; lastKnownFileType = sourcecode.swift; path = AppDelegate.swift; sourceTree = "<group>"; };
		AB290118256F7F8600C8F285 /* SceneDelegate.swift */ = {isa = PBXFileReference; lastKnownFileType = sourcecode.swift; path = SceneDelegate.swift; sourceTree = "<group>"; };
		AB29011F256F7F8700C8F285 /* Assets.xcassets */ = {isa = PBXFileReference; lastKnownFileType = folder.assetcatalog; path = Assets.xcassets; sourceTree = "<group>"; };
		AB290122256F7F8700C8F285 /* Base */ = {isa = PBXFileReference; lastKnownFileType = file.storyboard; name = Base; path = Base.lproj/LaunchScreen.storyboard; sourceTree = "<group>"; };
		AB290124256F7F8700C8F285 /* Info.plist */ = {isa = PBXFileReference; lastKnownFileType = text.plist.xml; path = Info.plist; sourceTree = "<group>"; };
		AB290131256F7FCB00C8F285 /* Main.storyboard */ = {isa = PBXFileReference; lastKnownFileType = file.storyboard; path = Main.storyboard; sourceTree = "<group>"; };
		AB290138256F800C00C8F285 /* ViewController.swift */ = {isa = PBXFileReference; lastKnownFileType = sourcecode.swift; path = ViewController.swift; sourceTree = "<group>"; };
		AB29013B256F819000C8F285 /* TableViewCell.swift */ = {isa = PBXFileReference; lastKnownFileType = sourcecode.swift; path = TableViewCell.swift; sourceTree = "<group>"; };
		AB29013F256F863D00C8F285 /* APIConstants.swift */ = {isa = PBXFileReference; lastKnownFileType = sourcecode.swift; path = APIConstants.swift; sourceTree = "<group>"; };
		AB290147256F886700C8F285 /* NetworkResult.swift */ = {isa = PBXFileReference; lastKnownFileType = sourcecode.swift; path = NetworkResult.swift; sourceTree = "<group>"; };
		AB29014A256F89D400C8F285 /* APIResponse.swift */ = {isa = PBXFileReference; lastKnownFileType = sourcecode.swift; path = APIResponse.swift; sourceTree = "<group>"; };
		AB29014D256F8A5F00C8F285 /* ImageService.swift */ = {isa = PBXFileReference; lastKnownFileType = sourcecode.swift; path = ImageService.swift; sourceTree = "<group>"; };
/* End PBXFileReference section */

/* Begin PBXFrameworksBuildPhase section */
		AB290110256F7F8600C8F285 /* Frameworks */ = {
			isa = PBXFrameworksBuildPhase;
			buildActionMask = 2147483647;
			files = (
				60C90A2ADEB35F8BF78EF21F /* Pods_network_iOS_prac.framework in Frameworks */,
			);
			runOnlyForDeploymentPostprocessing = 0;
		};
/* End PBXFrameworksBuildPhase section */

/* Begin PBXGroup section */
		4E598D1DC14A690A41856F71 /* Pods */ = {
			isa = PBXGroup;
			children = (
				269D88645C306D88D550E39E /* Pods-network-iOS-prac.debug.xcconfig */,
				65301A8B27BDE254492766D8 /* Pods-network-iOS-prac.release.xcconfig */,
			);
			path = Pods;
			sourceTree = "<group>";
		};
		A2CF9691DBE293AE809AA252 /* Frameworks */ = {
			isa = PBXGroup;
			children = (
				26C05D80D9E8403E037E7A28 /* Pods_network_iOS_prac.framework */,
			);
			name = Frameworks;
			sourceTree = "<group>";
		};
		AB29010A256F7F8600C8F285 = {
			isa = PBXGroup;
			children = (
				AB290115256F7F8600C8F285 /* network-iOS-prac */,
				AB290114256F7F8600C8F285 /* Products */,
				4E598D1DC14A690A41856F71 /* Pods */,
				A2CF9691DBE293AE809AA252 /* Frameworks */,
			);
			sourceTree = "<group>";
		};
		AB290114256F7F8600C8F285 /* Products */ = {
			isa = PBXGroup;
			children = (
				AB290113256F7F8600C8F285 /* network-iOS-prac.app */,
			);
			name = Products;
			sourceTree = "<group>";
		};
		AB290115256F7F8600C8F285 /* network-iOS-prac */ = {
			isa = PBXGroup;
			children = (
				AB29012C256F7F9500C8F285 /* Source */,
				AB29012B256F7F8F00C8F285 /* Resource */,
				AB290116256F7F8600C8F285 /* AppDelegate.swift */,
				AB290118256F7F8600C8F285 /* SceneDelegate.swift */,
				AB29011F256F7F8700C8F285 /* Assets.xcassets */,
				AB290121256F7F8700C8F285 /* LaunchScreen.storyboard */,
				AB290124256F7F8700C8F285 /* Info.plist */,
			);
			path = "network-iOS-prac";
			sourceTree = "<group>";
		};
		AB29012B256F7F8F00C8F285 /* Resource */ = {
			isa = PBXGroup;
			children = (
				AB29012E256F7FA700C8F285 /* Storyboard */,
			);
			path = Resource;
			sourceTree = "<group>";
		};
		AB29012C256F7F9500C8F285 /* Source */ = {
			isa = PBXGroup;
			children = (
				AB29013E256F85FA00C8F285 /* Model */,
				AB290130256F7FB400C8F285 /* Cell */,
				AB29012F256F7FAE00C8F285 /* VC */,
			);
			path = Source;
			sourceTree = "<group>";
		};
		AB29012E256F7FA700C8F285 /* Storyboard */ = {
			isa = PBXGroup;
			children = (
				AB290131256F7FCB00C8F285 /* Main.storyboard */,
			);
			path = Storyboard;
			sourceTree = "<group>";
		};
		AB29012F256F7FAE00C8F285 /* VC */ = {
			isa = PBXGroup;
			children = (
				AB290138256F800C00C8F285 /* ViewController.swift */,
			);
			path = VC;
			sourceTree = "<group>";
		};
		AB290130256F7FB400C8F285 /* Cell */ = {
			isa = PBXGroup;
			children = (
				AB29013B256F819000C8F285 /* TableViewCell.swift */,
			);
			path = Cell;
			sourceTree = "<group>";
		};
		AB29013E256F85FA00C8F285 /* Model */ = {
			isa = PBXGroup;
			children = (
				AB29013F256F863D00C8F285 /* APIConstants.swift */,
				AB290147256F886700C8F285 /* NetworkResult.swift */,
				AB29014A256F89D400C8F285 /* APIResponse.swift */,
				AB29014D256F8A5F00C8F285 /* ImageService.swift */,
			);
			path = Model;
			sourceTree = "<group>";
		};
/* End PBXGroup section */

/* Begin PBXNativeTarget section */
		AB290112256F7F8600C8F285 /* network-iOS-prac */ = {
			isa = PBXNativeTarget;
			buildConfigurationList = AB290127256F7F8700C8F285 /* Build configuration list for PBXNativeTarget "network-iOS-prac" */;
			buildPhases = (
				01739BAFC42AAA54182AD656 /* [CP] Check Pods Manifest.lock */,
				AB29010F256F7F8600C8F285 /* Sources */,
				AB290110256F7F8600C8F285 /* Frameworks */,
				AB290111256F7F8600C8F285 /* Resources */,
				F9BF1464637E7ADEA9ECE4D5 /* [CP] Embed Pods Frameworks */,
			);
			buildRules = (
			);
			dependencies = (
			);
			name = "network-iOS-prac";
			productName = "network-iOS-prac";
			productReference = AB290113256F7F8600C8F285 /* network-iOS-prac.app */;
			productType = "com.apple.product-type.application";
		};
/* End PBXNativeTarget section */

/* Begin PBXProject section */
		AB29010B256F7F8600C8F285 /* Project object */ = {
			isa = PBXProject;
			attributes = {
				LastSwiftUpdateCheck = 1220;
				LastUpgradeCheck = 1220;
				TargetAttributes = {
					AB290112256F7F8600C8F285 = {
						CreatedOnToolsVersion = 12.2;
					};
				};
			};
			buildConfigurationList = AB29010E256F7F8600C8F285 /* Build configuration list for PBXProject "network-iOS-prac" */;
			compatibilityVersion = "Xcode 9.3";
			developmentRegion = en;
			hasScannedForEncodings = 0;
			knownRegions = (
				en,
				Base,
			);
			mainGroup = AB29010A256F7F8600C8F285;
			productRefGroup = AB290114256F7F8600C8F285 /* Products */;
			projectDirPath = "";
			projectRoot = "";
			targets = (
				AB290112256F7F8600C8F285 /* network-iOS-prac */,
			);
		};
/* End PBXProject section */

/* Begin PBXResourcesBuildPhase section */
		AB290111256F7F8600C8F285 /* Resources */ = {
			isa = PBXResourcesBuildPhase;
			buildActionMask = 2147483647;
			files = (
				AB290132256F7FCB00C8F285 /* Main.storyboard in Resources */,
				AB290123256F7F8700C8F285 /* LaunchScreen.storyboard in Resources */,
				AB290120256F7F8700C8F285 /* Assets.xcassets in Resources */,
			);
			runOnlyForDeploymentPostprocessing = 0;
		};
/* End PBXResourcesBuildPhase section */

/* Begin PBXShellScriptBuildPhase section */
		01739BAFC42AAA54182AD656 /* [CP] Check Pods Manifest.lock */ = {
			isa = PBXShellScriptBuildPhase;
			buildActionMask = 2147483647;
			files = (
			);
			inputFileListPaths = (
			);
			inputPaths = (
				"${PODS_PODFILE_DIR_PATH}/Podfile.lock",
				"${PODS_ROOT}/Manifest.lock",
			);
			name = "[CP] Check Pods Manifest.lock";
			outputFileListPaths = (
			);
			outputPaths = (
				"$(DERIVED_FILE_DIR)/Pods-network-iOS-prac-checkManifestLockResult.txt",
			);
			runOnlyForDeploymentPostprocessing = 0;
			shellPath = /bin/sh;
			shellScript = "diff \"${PODS_PODFILE_DIR_PATH}/Podfile.lock\" \"${PODS_ROOT}/Manifest.lock\" > /dev/null\nif [ $? != 0 ] ; then\n    # print error to STDERR\n    echo \"error: The sandbox is not in sync with the Podfile.lock. Run 'pod install' or update your CocoaPods installation.\" >&2\n    exit 1\nfi\n# This output is used by Xcode 'outputs' to avoid re-running this script phase.\necho \"SUCCESS\" > \"${SCRIPT_OUTPUT_FILE_0}\"\n";
			showEnvVarsInLog = 0;
		};
		F9BF1464637E7ADEA9ECE4D5 /* [CP] Embed Pods Frameworks */ = {
			isa = PBXShellScriptBuildPhase;
			buildActionMask = 2147483647;
			files = (
			);
			inputFileListPaths = (
				"${PODS_ROOT}/Target Support Files/Pods-network-iOS-prac/Pods-network-iOS-prac-frameworks-${CONFIGURATION}-input-files.xcfilelist",
			);
			name = "[CP] Embed Pods Frameworks";
			outputFileListPaths = (
				"${PODS_ROOT}/Target Support Files/Pods-network-iOS-prac/Pods-network-iOS-prac-frameworks-${CONFIGURATION}-output-files.xcfilelist",
			);
			runOnlyForDeploymentPostprocessing = 0;
			shellPath = /bin/sh;
			shellScript = "\"${PODS_ROOT}/Target Support Files/Pods-network-iOS-prac/Pods-network-iOS-prac-frameworks.sh\"\n";
			showEnvVarsInLog = 0;
		};
/* End PBXShellScriptBuildPhase section */

/* Begin PBXSourcesBuildPhase section */
		AB29010F256F7F8600C8F285 /* Sources */ = {
			isa = PBXSourcesBuildPhase;
			buildActionMask = 2147483647;
			files = (
				AB29014B256F89D400C8F285 /* APIResponse.swift in Sources */,
				AB29014E256F8A5F00C8F285 /* ImageService.swift in Sources */,
				AB290139256F800C00C8F285 /* ViewController.swift in Sources */,
				AB290140256F863D00C8F285 /* APIConstants.swift in Sources */,
				AB29013C256F819000C8F285 /* TableViewCell.swift in Sources */,
				AB290148256F886700C8F285 /* NetworkResult.swift in Sources */,
				AB290117256F7F8600C8F285 /* AppDelegate.swift in Sources */,
				AB290119256F7F8600C8F285 /* SceneDelegate.swift in Sources */,
			);
			runOnlyForDeploymentPostprocessing = 0;
		};
/* End PBXSourcesBuildPhase section */

/* Begin PBXVariantGroup section */
		AB290121256F7F8700C8F285 /* LaunchScreen.storyboard */ = {
			isa = PBXVariantGroup;
			children = (
				AB290122256F7F8700C8F285 /* Base */,
			);
			name = LaunchScreen.storyboard;
			sourceTree = "<group>";
		};
/* End PBXVariantGroup section */

/* Begin XCBuildConfiguration section */
		AB290125256F7F8700C8F285 /* Debug */ = {
			isa = XCBuildConfiguration;
			buildSettings = {
				ALWAYS_SEARCH_USER_PATHS = NO;
				CLANG_ANALYZER_NONNULL = YES;
				CLANG_ANALYZER_NUMBER_OBJECT_CONVERSION = YES_AGGRESSIVE;
				CLANG_CXX_LANGUAGE_STANDARD = "gnu++14";
				CLANG_CXX_LIBRARY = "libc++";
				CLANG_ENABLE_MODULES = YES;
				CLANG_ENABLE_OBJC_ARC = YES;
				CLANG_ENABLE_OBJC_WEAK = YES;
				CLANG_WARN_BLOCK_CAPTURE_AUTORELEASING = YES;
				CLANG_WARN_BOOL_CONVERSION = YES;
				CLANG_WARN_COMMA = YES;
				CLANG_WARN_CONSTANT_CONVERSION = YES;
				CLANG_WARN_DEPRECATED_OBJC_IMPLEMENTATIONS = YES;
				CLANG_WARN_DIRECT_OBJC_ISA_USAGE = YES_ERROR;
				CLANG_WARN_DOCUMENTATION_COMMENTS = YES;
				CLANG_WARN_EMPTY_BODY = YES;
				CLANG_WARN_ENUM_CONVERSION = YES;
				CLANG_WARN_INFINITE_RECURSION = YES;
				CLANG_WARN_INT_CONVERSION = YES;
				CLANG_WARN_NON_LITERAL_NULL_CONVERSION = YES;
				CLANG_WARN_OBJC_IMPLICIT_RETAIN_SELF = YES;
				CLANG_WARN_OBJC_LITERAL_CONVERSION = YES;
				CLANG_WARN_OBJC_ROOT_CLASS = YES_ERROR;
				CLANG_WARN_QUOTED_INCLUDE_IN_FRAMEWORK_HEADER = YES;
				CLANG_WARN_RANGE_LOOP_ANALYSIS = YES;
				CLANG_WARN_STRICT_PROTOTYPES = YES;
				CLANG_WARN_SUSPICIOUS_MOVE = YES;
				CLANG_WARN_UNGUARDED_AVAILABILITY = YES_AGGRESSIVE;
				CLANG_WARN_UNREACHABLE_CODE = YES;
				CLANG_WARN__DUPLICATE_METHOD_MATCH = YES;
				COPY_PHASE_STRIP = NO;
				DEBUG_INFORMATION_FORMAT = dwarf;
				ENABLE_STRICT_OBJC_MSGSEND = YES;
				ENABLE_TESTABILITY = YES;
				GCC_C_LANGUAGE_STANDARD = gnu11;
				GCC_DYNAMIC_NO_PIC = NO;
				GCC_NO_COMMON_BLOCKS = YES;
				GCC_OPTIMIZATION_LEVEL = 0;
				GCC_PREPROCESSOR_DEFINITIONS = (
					"DEBUG=1",
					"$(inherited)",
				);
				GCC_WARN_64_TO_32_BIT_CONVERSION = YES;
				GCC_WARN_ABOUT_RETURN_TYPE = YES_ERROR;
				GCC_WARN_UNDECLARED_SELECTOR = YES;
				GCC_WARN_UNINITIALIZED_AUTOS = YES_AGGRESSIVE;
				GCC_WARN_UNUSED_FUNCTION = YES;
				GCC_WARN_UNUSED_VARIABLE = YES;
				IPHONEOS_DEPLOYMENT_TARGET = 14.2;
				MTL_ENABLE_DEBUG_INFO = INCLUDE_SOURCE;
				MTL_FAST_MATH = YES;
				ONLY_ACTIVE_ARCH = YES;
				SDKROOT = iphoneos;
				SWIFT_ACTIVE_COMPILATION_CONDITIONS = DEBUG;
				SWIFT_OPTIMIZATION_LEVEL = "-Onone";
			};
			name = Debug;
		};
		AB290126256F7F8700C8F285 /* Release */ = {
			isa = XCBuildConfiguration;
			buildSettings = {
				ALWAYS_SEARCH_USER_PATHS = NO;
				CLANG_ANALYZER_NONNULL = YES;
				CLANG_ANALYZER_NUMBER_OBJECT_CONVERSION = YES_AGGRESSIVE;
				CLANG_CXX_LANGUAGE_STANDARD = "gnu++14";
				CLANG_CXX_LIBRARY = "libc++";
				CLANG_ENABLE_MODULES = YES;
				CLANG_ENABLE_OBJC_ARC = YES;
				CLANG_ENABLE_OBJC_WEAK = YES;
				CLANG_WARN_BLOCK_CAPTURE_AUTORELEASING = YES;
				CLANG_WARN_BOOL_CONVERSION = YES;
				CLANG_WARN_COMMA = YES;
				CLANG_WARN_CONSTANT_CONVERSION = YES;
				CLANG_WARN_DEPRECATED_OBJC_IMPLEMENTATIONS = YES;
				CLANG_WARN_DIRECT_OBJC_ISA_USAGE = YES_ERROR;
				CLANG_WARN_DOCUMENTATION_COMMENTS = YES;
				CLANG_WARN_EMPTY_BODY = YES;
				CLANG_WARN_ENUM_CONVERSION = YES;
				CLANG_WARN_INFINITE_RECURSION = YES;
				CLANG_WARN_INT_CONVERSION = YES;
				CLANG_WARN_NON_LITERAL_NULL_CONVERSION = YES;
				CLANG_WARN_OBJC_IMPLICIT_RETAIN_SELF = YES;
				CLANG_WARN_OBJC_LITERAL_CONVERSION = YES;
				CLANG_WARN_OBJC_ROOT_CLASS = YES_ERROR;
				CLANG_WARN_QUOTED_INCLUDE_IN_FRAMEWORK_HEADER = YES;
				CLANG_WARN_RANGE_LOOP_ANALYSIS = YES;
				CLANG_WARN_STRICT_PROTOTYPES = YES;
				CLANG_WARN_SUSPICIOUS_MOVE = YES;
				CLANG_WARN_UNGUARDED_AVAILABILITY = YES_AGGRESSIVE;
				CLANG_WARN_UNREACHABLE_CODE = YES;
				CLANG_WARN__DUPLICATE_METHOD_MATCH = YES;
				COPY_PHASE_STRIP = NO;
				DEBUG_INFORMATION_FORMAT = "dwarf-with-dsym";
				ENABLE_NS_ASSERTIONS = NO;
				ENABLE_STRICT_OBJC_MSGSEND = YES;
				GCC_C_LANGUAGE_STANDARD = gnu11;
				GCC_NO_COMMON_BLOCKS = YES;
				GCC_WARN_64_TO_32_BIT_CONVERSION = YES;
				GCC_WARN_ABOUT_RETURN_TYPE = YES_ERROR;
				GCC_WARN_UNDECLARED_SELECTOR = YES;
				GCC_WARN_UNINITIALIZED_AUTOS = YES_AGGRESSIVE;
				GCC_WARN_UNUSED_FUNCTION = YES;
				GCC_WARN_UNUSED_VARIABLE = YES;
				IPHONEOS_DEPLOYMENT_TARGET = 14.2;
				MTL_ENABLE_DEBUG_INFO = NO;
				MTL_FAST_MATH = YES;
				SDKROOT = iphoneos;
				SWIFT_COMPILATION_MODE = wholemodule;
				SWIFT_OPTIMIZATION_LEVEL = "-O";
				VALIDATE_PRODUCT = YES;
			};
			name = Release;
		};
		AB290128256F7F8700C8F285 /* Debug */ = {
			isa = XCBuildConfiguration;
			baseConfigurationReference = 269D88645C306D88D550E39E /* Pods-network-iOS-prac.debug.xcconfig */;
			buildSettings = {
				ASSETCATALOG_COMPILER_APPICON_NAME = AppIcon;
				ASSETCATALOG_COMPILER_GLOBAL_ACCENT_COLOR_NAME = AccentColor;
				CODE_SIGN_STYLE = Automatic;
				INFOPLIST_FILE = "network-iOS-prac/Info.plist";
				LD_RUNPATH_SEARCH_PATHS = (
					"$(inherited)",
					"@executable_path/Frameworks",
				);
				PRODUCT_BUNDLE_IDENTIFIER = "inaelee.network-iOS-prac";
				PRODUCT_NAME = "$(TARGET_NAME)";
				SWIFT_VERSION = 5.0;
				TARGETED_DEVICE_FAMILY = "1,2";
			};
			name = Debug;
		};
		AB290129256F7F8700C8F285 /* Release */ = {
			isa = XCBuildConfiguration;
			baseConfigurationReference = 65301A8B27BDE254492766D8 /* Pods-network-iOS-prac.release.xcconfig */;
			buildSettings = {
				ASSETCATALOG_COMPILER_APPICON_NAME = AppIcon;
				ASSETCATALOG_COMPILER_GLOBAL_ACCENT_COLOR_NAME = AccentColor;
				CODE_SIGN_STYLE = Automatic;
				INFOPLIST_FILE = "network-iOS-prac/Info.plist";
				LD_RUNPATH_SEARCH_PATHS = (
					"$(inherited)",
					"@executable_path/Frameworks",
				);
				PRODUCT_BUNDLE_IDENTIFIER = "inaelee.network-iOS-prac";
				PRODUCT_NAME = "$(TARGET_NAME)";
				SWIFT_VERSION = 5.0;
				TARGETED_DEVICE_FAMILY = "1,2";
			};
			name = Release;
		};
/* End XCBuildConfiguration section */

/* Begin XCConfigurationList section */
		AB29010E256F7F8600C8F285 /* Build configuration list for PBXProject "network-iOS-prac" */ = {
			isa = XCConfigurationList;
			buildConfigurations = (
				AB290125256F7F8700C8F285 /* Debug */,
				AB290126256F7F8700C8F285 /* Release */,
			);
			defaultConfigurationIsVisible = 0;
			defaultConfigurationName = Release;
		};
		AB290127256F7F8700C8F285 /* Build configuration list for PBXNativeTarget "network-iOS-prac" */ = {
			isa = XCConfigurationList;
			buildConfigurations = (
				AB290128256F7F8700C8F285 /* Debug */,
				AB290129256F7F8700C8F285 /* Release */,
			);
			defaultConfigurationIsVisible = 0;
			defaultConfigurationName = Release;
		};
/* End XCConfigurationList section */
	};
	rootObject = AB29010B256F7F8600C8F285 /* Project object */;
}
